
Microsoft Visual Studio Solution File, Format Version 12.00
# Visual Studio Version 17
VisualStudioVersion = 17.3.32811.315
MinimumVisualStudioVersion = 10.0.40219.1
Project("{FAE04EC0-301F-11D3-BF4B-00C04F79EFBC}") = "second_assignment", "second_assignment\second_assignment.csproj", "{8CE5740C-462B-4380-ACAB-2B3C458B2BB9}"
EndProject
Project("{FAE04EC0-301F-11D3-BF4B-00C04F79EFBC}") = "ConsoleApp1", "ConsoleApp1\ConsoleApp1.csproj", "{74A00A9A-3A4D-40AF-8460-AC94A88B109F}"
EndProject
Global
	GlobalSection(SolutionConfigurationPlatforms) = preSolution
		Debug|Any CPU = Debug|Any CPU
		Release|Any CPU = Release|Any CPU
	EndGlobalSection
	GlobalSection(ProjectConfigurationPlatforms) = postSolution
		{8CE5740C-462B-4380-ACAB-2B3C458B2BB9}.Debug|Any CPU.ActiveCfg = Debug|Any CPU
		{8CE5740C-462B-4380-ACAB-2B3C458B2BB9}.Debug|Any CPU.Build.0 = Debug|Any CPU
		{8CE5740C-462B-4380-ACAB-2B3C458B2BB9}.Release|Any CPU.ActiveCfg = Release|Any CPU
		{8CE5740C-462B-4380-ACAB-2B3C458B2BB9}.Release|Any CPU.Build.0 = Release|Any CPU
		{74A00A9A-3A4D-40AF-8460-AC94A88B109F}.Debug|Any CPU.ActiveCfg = Debug|Any CPU
		{74A00A9A-3A4D-40AF-8460-AC94A88B109F}.Debug|Any CPU.Build.0 = Debug|Any CPU
		{74A00A9A-3A4D-40AF-8460-AC94A88B109F}.Release|Any CPU.ActiveCfg = Release|Any CPU
		{74A00A9A-3A4D-40AF-8460-AC94A88B109F}.Release|Any CPU.Build.0 = Release|Any CPU
	EndGlobalSection
	GlobalSection(SolutionProperties) = preSolution
		HideSolutionNode = FALSE
	EndGlobalSection
	GlobalSection(ExtensibilityGlobals) = postSolution
		SolutionGuid = {952EDF76-6D33-4A54-8094-B95E75C195F5}
	EndGlobalSection
EndGlobal
